
Microsoft Visual Studio Solution File, Format Version 12.00
# Visual Studio Version 17
VisualStudioVersion = 17.5.33530.505
MinimumVisualStudioVersion = 10.0.40219.1
Project("{FAE04EC0-301F-11D3-BF4B-00C04F79EFBC}") = "genericdemo", "genericdemo.csproj", "{50770526-79EB-447A-95CC-1BFF93273DA1}"
EndProject
Global
	GlobalSection(SolutionConfigurationPlatforms) = preSolution
		Debug|Any CPU = Debug|Any CPU
		Release|Any CPU = Release|Any CPU
	EndGlobalSection
	GlobalSection(ProjectConfigurationPlatforms) = postSolution
		{50770526-79EB-447A-95CC-1BFF93273DA1}.Debug|Any CPU.ActiveCfg = Debug|Any CPU
		{50770526-79EB-447A-95CC-1BFF93273DA1}.Debug|Any CPU.Build.0 = Debug|Any CPU
		{50770526-79EB-447A-95CC-1BFF93273DA1}.Release|Any CPU.ActiveCfg = Release|Any CPU
		{50770526-79EB-447A-95CC-1BFF93273DA1}.Release|Any CPU.Build.0 = Release|Any CPU
	EndGlobalSection
	GlobalSection(SolutionProperties) = preSolution
		HideSolutionNode = FALSE
	EndGlobalSection
	GlobalSection(ExtensibilityGlobals) = postSolution
		SolutionGuid = {2B469549-FBD6-44FF-A104-D0436C858654}
	EndGlobalSection
EndGlobal
