
Microsoft Visual Studio Solution File, Format Version 12.00
# Visual Studio Version 17
VisualStudioVersion = 17.5.33530.505
MinimumVisualStudioVersion = 10.0.40219.1
Project("{FAE04EC0-301F-11D3-BF4B-00C04F79EFBC}") = "simpleinterest", "simpleinterest\simpleinterest.csproj", "{C7192C0F-9D19-4DF7-8FCB-D8EAAF901A27}"
EndProject
Global
	GlobalSection(SolutionConfigurationPlatforms) = preSolution
		Debug|Any CPU = Debug|Any CPU
		Release|Any CPU = Release|Any CPU
	EndGlobalSection
	GlobalSection(ProjectConfigurationPlatforms) = postSolution
		{C7192C0F-9D19-4DF7-8FCB-D8EAAF901A27}.Debug|Any CPU.ActiveCfg = Debug|Any CPU
		{C7192C0F-9D19-4DF7-8FCB-D8EAAF901A27}.Debug|Any CPU.Build.0 = Debug|Any CPU
		{C7192C0F-9D19-4DF7-8FCB-D8EAAF901A27}.Release|Any CPU.ActiveCfg = Release|Any CPU
		{C7192C0F-9D19-4DF7-8FCB-D8EAAF901A27}.Release|Any CPU.Build.0 = Release|Any CPU
	EndGlobalSection
	GlobalSection(SolutionProperties) = preSolution
		HideSolutionNode = FALSE
	EndGlobalSection
	GlobalSection(ExtensibilityGlobals) = postSolution
		SolutionGuid = {027202B5-E07B-4865-820E-277213393BBD}
	EndGlobalSection
EndGlobal
