
Microsoft Visual Studio Solution File, Format Version 12.00
# Visual Studio Version 17
VisualStudioVersion = 17.5.33530.505
MinimumVisualStudioVersion = 10.0.40219.1
Project("{FAE04EC0-301F-11D3-BF4B-00C04F79EFBC}") = "vowel", "vowel\vowel.csproj", "{FB33699F-C4CD-4B96-A259-1EB10BEC8236}"
EndProject
Global
	GlobalSection(SolutionConfigurationPlatforms) = preSolution
		Debug|Any CPU = Debug|Any CPU
		Release|Any CPU = Release|Any CPU
	EndGlobalSection
	GlobalSection(ProjectConfigurationPlatforms) = postSolution
		{FB33699F-C4CD-4B96-A259-1EB10BEC8236}.Debug|Any CPU.ActiveCfg = Debug|Any CPU
		{FB33699F-C4CD-4B96-A259-1EB10BEC8236}.Debug|Any CPU.Build.0 = Debug|Any CPU
		{FB33699F-C4CD-4B96-A259-1EB10BEC8236}.Release|Any CPU.ActiveCfg = Release|Any CPU
		{FB33699F-C4CD-4B96-A259-1EB10BEC8236}.Release|Any CPU.Build.0 = Release|Any CPU
	EndGlobalSection
	GlobalSection(SolutionProperties) = preSolution
		HideSolutionNode = FALSE
	EndGlobalSection
	GlobalSection(ExtensibilityGlobals) = postSolution
		SolutionGuid = {2330E9B4-5F12-4B65-8FF3-C0477E43DE12}
	EndGlobalSection
EndGlobal
