
Microsoft Visual Studio Solution File, Format Version 12.00
# Visual Studio Version 17
VisualStudioVersion = 17.5.33530.505
MinimumVisualStudioVersion = 10.0.40219.1
Project("{FAE04EC0-301F-11D3-BF4B-00C04F79EFBC}") = "grades", "grades\grades.csproj", "{FFC1EAD6-5FC6-47B8-817E-1CBFAA3F6795}"
EndProject
Global
	GlobalSection(SolutionConfigurationPlatforms) = preSolution
		Debug|Any CPU = Debug|Any CPU
		Release|Any CPU = Release|Any CPU
	EndGlobalSection
	GlobalSection(ProjectConfigurationPlatforms) = postSolution
		{FFC1EAD6-5FC6-47B8-817E-1CBFAA3F6795}.Debug|Any CPU.ActiveCfg = Debug|Any CPU
		{FFC1EAD6-5FC6-47B8-817E-1CBFAA3F6795}.Debug|Any CPU.Build.0 = Debug|Any CPU
		{FFC1EAD6-5FC6-47B8-817E-1CBFAA3F6795}.Release|Any CPU.ActiveCfg = Release|Any CPU
		{FFC1EAD6-5FC6-47B8-817E-1CBFAA3F6795}.Release|Any CPU.Build.0 = Release|Any CPU
	EndGlobalSection
	GlobalSection(SolutionProperties) = preSolution
		HideSolutionNode = FALSE
	EndGlobalSection
	GlobalSection(ExtensibilityGlobals) = postSolution
		SolutionGuid = {96C75979-128C-4342-A8E3-6469F6C38DFB}
	EndGlobalSection
EndGlobal
