
Microsoft Visual Studio Solution File, Format Version 12.00
# Visual Studio Version 17
VisualStudioVersion = 17.5.33530.505
MinimumVisualStudioVersion = 10.0.40219.1
Project("{FAE04EC0-301F-11D3-BF4B-00C04F79EFBC}") = "hashtabledemo", "hashtabledemo.csproj", "{AC6BC110-C0E0-4B4E-A66F-68B6FA8B8C02}"
EndProject
Global
	GlobalSection(SolutionConfigurationPlatforms) = preSolution
		Debug|Any CPU = Debug|Any CPU
		Release|Any CPU = Release|Any CPU
	EndGlobalSection
	GlobalSection(ProjectConfigurationPlatforms) = postSolution
		{AC6BC110-C0E0-4B4E-A66F-68B6FA8B8C02}.Debug|Any CPU.ActiveCfg = Debug|Any CPU
		{AC6BC110-C0E0-4B4E-A66F-68B6FA8B8C02}.Debug|Any CPU.Build.0 = Debug|Any CPU
		{AC6BC110-C0E0-4B4E-A66F-68B6FA8B8C02}.Release|Any CPU.ActiveCfg = Release|Any CPU
		{AC6BC110-C0E0-4B4E-A66F-68B6FA8B8C02}.Release|Any CPU.Build.0 = Release|Any CPU
	EndGlobalSection
	GlobalSection(SolutionProperties) = preSolution
		HideSolutionNode = FALSE
	EndGlobalSection
	GlobalSection(ExtensibilityGlobals) = postSolution
		SolutionGuid = {00D904CF-2025-4BD2-9357-F1260F50E5BF}
	EndGlobalSection
EndGlobal
