
Microsoft Visual Studio Solution File, Format Version 12.00
# Visual Studio Version 17
VisualStudioVersion = 17.5.33530.505
MinimumVisualStudioVersion = 10.0.40219.1
Project("{FAE04EC0-301F-11D3-BF4B-00C04F79EFBC}") = "CustomerManagementAssignment", "CustomerManagementAssignment.csproj", "{9FA311A0-FF00-4EE3-99BF-C0FC0CEE95DB}"
EndProject
Global
	GlobalSection(SolutionConfigurationPlatforms) = preSolution
		Debug|Any CPU = Debug|Any CPU
		Release|Any CPU = Release|Any CPU
	EndGlobalSection
	GlobalSection(ProjectConfigurationPlatforms) = postSolution
		{9FA311A0-FF00-4EE3-99BF-C0FC0CEE95DB}.Debug|Any CPU.ActiveCfg = Debug|Any CPU
		{9FA311A0-FF00-4EE3-99BF-C0FC0CEE95DB}.Debug|Any CPU.Build.0 = Debug|Any CPU
		{9FA311A0-FF00-4EE3-99BF-C0FC0CEE95DB}.Release|Any CPU.ActiveCfg = Release|Any CPU
		{9FA311A0-FF00-4EE3-99BF-C0FC0CEE95DB}.Release|Any CPU.Build.0 = Release|Any CPU
	EndGlobalSection
	GlobalSection(SolutionProperties) = preSolution
		HideSolutionNode = FALSE
	EndGlobalSection
	GlobalSection(ExtensibilityGlobals) = postSolution
		SolutionGuid = {23E33B7F-9145-4418-95A6-A0A6FC5D686A}
	EndGlobalSection
EndGlobal
